
Microsoft Visual Studio Solution File, Format Version 12.00
# Visual Studio 2013
VisualStudioVersion = 12.0.31101.0
MinimumVisualStudioVersion = 10.0.40219.1
Project("{FAE04EC0-301F-11D3-BF4B-00C04F79EFBC}") = "Maverick.Compiler.ANTLRParser", "Maverick.Compiler.ANTLRParser\Maverick.Compiler.ANTLRParser.csproj", "{BA286BE1-A9C5-494C-87C0-4529D478AF05}"
EndProject
Project("{FAE04EC0-301F-11D3-BF4B-00C04F79EFBC}") = "Maverick.Compiler.ParserTreeVisualizer", "Maverick.Compiler.ParserTreeVisualizer\Maverick.Compiler.ParserTreeVisualizer.csproj", "{3F15A350-2629-4AB0-A433-E643B21525F9}"
EndProject
Project("{FAE04EC0-301F-11D3-BF4B-00C04F79EFBC}") = "Maverick.Compiler.SemanticAnalyzer", "Maverick.Compiler.SemanticAnalyzer\Maverick.Compiler.SemanticAnalyzer.csproj", "{2D11537A-F20D-49FE-A3B3-642B7BD944F1}"
EndProject
Global
	GlobalSection(SolutionConfigurationPlatforms) = preSolution
		Debug|Any CPU = Debug|Any CPU
		Release|Any CPU = Release|Any CPU
	EndGlobalSection
	GlobalSection(ProjectConfigurationPlatforms) = postSolution
		{BA286BE1-A9C5-494C-87C0-4529D478AF05}.Debug|Any CPU.ActiveCfg = Debug|Any CPU
		{BA286BE1-A9C5-494C-87C0-4529D478AF05}.Debug|Any CPU.Build.0 = Debug|Any CPU
		{BA286BE1-A9C5-494C-87C0-4529D478AF05}.Release|Any CPU.ActiveCfg = Release|Any CPU
		{BA286BE1-A9C5-494C-87C0-4529D478AF05}.Release|Any CPU.Build.0 = Release|Any CPU
		{3F15A350-2629-4AB0-A433-E643B21525F9}.Debug|Any CPU.ActiveCfg = Debug|Any CPU
		{3F15A350-2629-4AB0-A433-E643B21525F9}.Debug|Any CPU.Build.0 = Debug|Any CPU
		{3F15A350-2629-4AB0-A433-E643B21525F9}.Release|Any CPU.ActiveCfg = Release|Any CPU
		{3F15A350-2629-4AB0-A433-E643B21525F9}.Release|Any CPU.Build.0 = Release|Any CPU
		{2D11537A-F20D-49FE-A3B3-642B7BD944F1}.Debug|Any CPU.ActiveCfg = Debug|Any CPU
		{2D11537A-F20D-49FE-A3B3-642B7BD944F1}.Debug|Any CPU.Build.0 = Debug|Any CPU
		{2D11537A-F20D-49FE-A3B3-642B7BD944F1}.Release|Any CPU.ActiveCfg = Release|Any CPU
		{2D11537A-F20D-49FE-A3B3-642B7BD944F1}.Release|Any CPU.Build.0 = Release|Any CPU
	EndGlobalSection
	GlobalSection(SolutionProperties) = preSolution
		HideSolutionNode = FALSE
	EndGlobalSection
EndGlobal
